// !$*UTF8*$!
{
	archiveVersion = 1;
	classes = {
	};
	objectVersion = 56;
	objects = {

/* Begin PBXBuildFile section */
		548036112C4840DA00C55C3D /* CardListView.swift in Sources */ = {isa = PBXBuildFile; fileRef = 548036102C4840DA00C55C3D /* CardListView.swift */; };
		54C8523A2C46D9ED00087242 /* unfo_swiftApp.swift in Sources */ = {isa = PBXBuildFile; fileRef = 54C852392C46D9ED00087242 /* unfo_swiftApp.swift */; };
		54C8523C2C46D9ED00087242 /* HomeView.swift in Sources */ = {isa = PBXBuildFile; fileRef = 54C8523B2C46D9ED00087242 /* HomeView.swift */; };
		54C8523E2C46D9EF00087242 /* Assets.xcassets in Resources */ = {isa = PBXBuildFile; fileRef = 54C8523D2C46D9EF00087242 /* Assets.xcassets */; };
		54C852412C46D9EF00087242 /* Preview Assets.xcassets in Resources */ = {isa = PBXBuildFile; fileRef = 54C852402C46D9EF00087242 /* Preview Assets.xcassets */; };
		54C852532C46E27600087242 /* chatData.json in Resources */ = {isa = PBXBuildFile; fileRef = 54C852512C46E27500087242 /* chatData.json */; };
		54C852602C477F9900087242 /* AddView.swift in Sources */ = {isa = PBXBuildFile; fileRef = 54C8525F2C477F9900087242 /* AddView.swift */; };
		54C852622C47917000087242 /* SettingsView.swift in Sources */ = {isa = PBXBuildFile; fileRef = 54C852612C47917000087242 /* SettingsView.swift */; };
		54C852642C47929A00087242 /* NavigateView.swift in Sources */ = {isa = PBXBuildFile; fileRef = 54C852632C47929A00087242 /* NavigateView.swift */; };
		54C852692C47A8D800087242 /* Card.swift in Sources */ = {isa = PBXBuildFile; fileRef = 54C852682C47A8D800087242 /* Card.swift */; };
/* End PBXBuildFile section */

/* Begin PBXFileReference section */
		548036102C4840DA00C55C3D /* CardListView.swift */ = {isa = PBXFileReference; lastKnownFileType = sourcecode.swift; path = CardListView.swift; sourceTree = "<group>"; };
		54C852362C46D9ED00087242 /* unfo_swift.app */ = {isa = PBXFileReference; explicitFileType = wrapper.application; includeInIndex = 0; path = unfo_swift.app; sourceTree = BUILT_PRODUCTS_DIR; };
		54C852392C46D9ED00087242 /* unfo_swiftApp.swift */ = {isa = PBXFileReference; lastKnownFileType = sourcecode.swift; path = unfo_swiftApp.swift; sourceTree = "<group>"; };
		54C8523B2C46D9ED00087242 /* HomeView.swift */ = {isa = PBXFileReference; lastKnownFileType = sourcecode.swift; path = HomeView.swift; sourceTree = "<group>"; };
		54C8523D2C46D9EF00087242 /* Assets.xcassets */ = {isa = PBXFileReference; lastKnownFileType = folder.assetcatalog; path = Assets.xcassets; sourceTree = "<group>"; };
		54C852402C46D9EF00087242 /* Preview Assets.xcassets */ = {isa = PBXFileReference; lastKnownFileType = folder.assetcatalog; path = "Preview Assets.xcassets"; sourceTree = "<group>"; };
		54C852512C46E27500087242 /* chatData.json */ = {isa = PBXFileReference; fileEncoding = 4; lastKnownFileType = text.json; path = chatData.json; sourceTree = "<group>"; };
		54C8525F2C477F9900087242 /* AddView.swift */ = {isa = PBXFileReference; lastKnownFileType = sourcecode.swift; path = AddView.swift; sourceTree = "<group>"; };
		54C852612C47917000087242 /* SettingsView.swift */ = {isa = PBXFileReference; lastKnownFileType = sourcecode.swift; path = SettingsView.swift; sourceTree = "<group>"; };
		54C852632C47929A00087242 /* NavigateView.swift */ = {isa = PBXFileReference; lastKnownFileType = sourcecode.swift; path = NavigateView.swift; sourceTree = "<group>"; };
		54C852682C47A8D800087242 /* Card.swift */ = {isa = PBXFileReference; lastKnownFileType = sourcecode.swift; path = Card.swift; sourceTree = "<group>"; };
/* End PBXFileReference section */

/* Begin PBXFrameworksBuildPhase section */
		54C852332C46D9ED00087242 /* Frameworks */ = {
			isa = PBXFrameworksBuildPhase;
			buildActionMask = 2147483647;
			files = (
			);
			runOnlyForDeploymentPostprocessing = 0;
		};
/* End PBXFrameworksBuildPhase section */

/* Begin PBXGroup section */
		54C8522D2C46D9ED00087242 = {
			isa = PBXGroup;
			children = (
				54C852382C46D9ED00087242 /* unfo_swift */,
				54C852372C46D9ED00087242 /* Products */,
			);
			sourceTree = "<group>";
		};
		54C852372C46D9ED00087242 /* Products */ = {
			isa = PBXGroup;
			children = (
				54C852362C46D9ED00087242 /* unfo_swift.app */,
			);
			name = Products;
			sourceTree = "<group>";
		};
		54C852382C46D9ED00087242 /* unfo_swift */ = {
			isa = PBXGroup;
			children = (
				54C852392C46D9ED00087242 /* unfo_swiftApp.swift */,
				54C852472C46E15500087242 /* Views */,
				54C8524A2C46E1D400087242 /* ViewModels */,
				54C852492C46E1D100087242 /* Models */,
				54C852482C46E1C600087242 /* Data */,
				54C8523D2C46D9EF00087242 /* Assets.xcassets */,
				54C8523F2C46D9EF00087242 /* Preview Content */,
			);
			path = unfo_swift;
			sourceTree = "<group>";
		};
		54C8523F2C46D9EF00087242 /* Preview Content */ = {
			isa = PBXGroup;
			children = (
				54C852402C46D9EF00087242 /* Preview Assets.xcassets */,
			);
			path = "Preview Content";
			sourceTree = "<group>";
		};
		54C852472C46E15500087242 /* Views */ = {
			isa = PBXGroup;
			children = (
				54C8523B2C46D9ED00087242 /* HomeView.swift */,
				54C8525F2C477F9900087242 /* AddView.swift */,
				54C852612C47917000087242 /* SettingsView.swift */,
				54C852632C47929A00087242 /* NavigateView.swift */,
				548036102C4840DA00C55C3D /* CardListView.swift */,
			);
			path = Views;
			sourceTree = "<group>";
		};
		54C852482C46E1C600087242 /* Data */ = {
			isa = PBXGroup;
			children = (
				54C852512C46E27500087242 /* chatData.json */,
			);
			path = Data;
			sourceTree = "<group>";
		};
		54C852492C46E1D100087242 /* Models */ = {
			isa = PBXGroup;
			children = (
				54C852682C47A8D800087242 /* Card.swift */,
			);
			path = Models;
			sourceTree = "<group>";
		};
		54C8524A2C46E1D400087242 /* ViewModels */ = {
			isa = PBXGroup;
			children = (
			);
			path = ViewModels;
			sourceTree = "<group>";
		};
/* End PBXGroup section */

/* Begin PBXNativeTarget section */
		54C852352C46D9ED00087242 /* unfo_swift */ = {
			isa = PBXNativeTarget;
			buildConfigurationList = 54C852442C46D9EF00087242 /* Build configuration list for PBXNativeTarget "unfo_swift" */;
			buildPhases = (
				54C852322C46D9ED00087242 /* Sources */,
				54C852332C46D9ED00087242 /* Frameworks */,
				54C852342C46D9ED00087242 /* Resources */,
			);
			buildRules = (
			);
			dependencies = (
			);
			name = unfo_swift;
			productName = unfo_swift;
			productReference = 54C852362C46D9ED00087242 /* unfo_swift.app */;
			productType = "com.apple.product-type.application";
		};
/* End PBXNativeTarget section */

/* Begin PBXProject section */
		54C8522E2C46D9ED00087242 /* Project object */ = {
			isa = PBXProject;
			attributes = {
				BuildIndependentTargetsInParallel = 1;
				LastSwiftUpdateCheck = 1540;
				LastUpgradeCheck = 1540;
				TargetAttributes = {
					54C852352C46D9ED00087242 = {
						CreatedOnToolsVersion = 15.4;
					};
				};
			};
			buildConfigurationList = 54C852312C46D9ED00087242 /* Build configuration list for PBXProject "unfo_swift" */;
			compatibilityVersion = "Xcode 14.0";
			developmentRegion = en;
			hasScannedForEncodings = 0;
			knownRegions = (
				en,
				Base,
			);
			mainGroup = 54C8522D2C46D9ED00087242;
			productRefGroup = 54C852372C46D9ED00087242 /* Products */;
			projectDirPath = "";
			projectRoot = "";
			targets = (
				54C852352C46D9ED00087242 /* unfo_swift */,
			);
		};
/* End PBXProject section */

/* Begin PBXResourcesBuildPhase section */
		54C852342C46D9ED00087242 /* Resources */ = {
			isa = PBXResourcesBuildPhase;
			buildActionMask = 2147483647;
			files = (
				54C852412C46D9EF00087242 /* Preview Assets.xcassets in Resources */,
				54C852532C46E27600087242 /* chatData.json in Resources */,
				54C8523E2C46D9EF00087242 /* Assets.xcassets in Resources */,
			);
			runOnlyForDeploymentPostprocessing = 0;
		};
/* End PBXResourcesBuildPhase section */

/* Begin PBXSourcesBuildPhase section */
		54C852322C46D9ED00087242 /* Sources */ = {
			isa = PBXSourcesBuildPhase;
			buildActionMask = 2147483647;
			files = (
				54C8523C2C46D9ED00087242 /* HomeView.swift in Sources */,
				54C852602C477F9900087242 /* AddView.swift in Sources */,
				54C852692C47A8D800087242 /* Card.swift in Sources */,
				54C8523A2C46D9ED00087242 /* unfo_swiftApp.swift in Sources */,
				54C852642C47929A00087242 /* NavigateView.swift in Sources */,
				548036112C4840DA00C55C3D /* CardListView.swift in Sources */,
				54C852622C47917000087242 /* SettingsView.swift in Sources */,
			);
			runOnlyForDeploymentPostprocessing = 0;
		};
/* End PBXSourcesBuildPhase section */

/* Begin XCBuildConfiguration section */
		54C852422C46D9EF00087242 /* Debug */ = {
			isa = XCBuildConfiguration;
			buildSettings = {
				ALWAYS_SEARCH_USER_PATHS = NO;
				ASSETCATALOG_COMPILER_GENERATE_SWIFT_ASSET_SYMBOL_EXTENSIONS = YES;
				CLANG_ANALYZER_NONNULL = YES;
				CLANG_ANALYZER_NUMBER_OBJECT_CONVERSION = YES_AGGRESSIVE;
				CLANG_CXX_LANGUAGE_STANDARD = "gnu++20";
				CLANG_ENABLE_MODULES = YES;
				CLANG_ENABLE_OBJC_ARC = YES;
				CLANG_ENABLE_OBJC_WEAK = YES;
				CLANG_WARN_BLOCK_CAPTURE_AUTORELEASING = YES;
				CLANG_WARN_BOOL_CONVERSION = YES;
				CLANG_WARN_COMMA = YES;
				CLANG_WARN_CONSTANT_CONVERSION = YES;
				CLANG_WARN_DEPRECATED_OBJC_IMPLEMENTATIONS = YES;
				CLANG_WARN_DIRECT_OBJC_ISA_USAGE = YES_ERROR;
				CLANG_WARN_DOCUMENTATION_COMMENTS = YES;
				CLANG_WARN_EMPTY_BODY = YES;
				CLANG_WARN_ENUM_CONVERSION = YES;
				CLANG_WARN_INFINITE_RECURSION = YES;
				CLANG_WARN_INT_CONVERSION = YES;
				CLANG_WARN_NON_LITERAL_NULL_CONVERSION = YES;
				CLANG_WARN_OBJC_IMPLICIT_RETAIN_SELF = YES;
				CLANG_WARN_OBJC_LITERAL_CONVERSION = YES;
				CLANG_WARN_OBJC_ROOT_CLASS = YES_ERROR;
				CLANG_WARN_QUOTED_INCLUDE_IN_FRAMEWORK_HEADER = YES;
				CLANG_WARN_RANGE_LOOP_ANALYSIS = YES;
				CLANG_WARN_STRICT_PROTOTYPES = YES;
				CLANG_WARN_SUSPICIOUS_MOVE = YES;
				CLANG_WARN_UNGUARDED_AVAILABILITY = YES_AGGRESSIVE;
				CLANG_WARN_UNREACHABLE_CODE = YES;
				CLANG_WARN__DUPLICATE_METHOD_MATCH = YES;
				COPY_PHASE_STRIP = NO;
				DEBUG_INFORMATION_FORMAT = dwarf;
				ENABLE_STRICT_OBJC_MSGSEND = YES;
				ENABLE_TESTABILITY = YES;
				ENABLE_USER_SCRIPT_SANDBOXING = YES;
				GCC_C_LANGUAGE_STANDARD = gnu17;
				GCC_DYNAMIC_NO_PIC = NO;
				GCC_NO_COMMON_BLOCKS = YES;
				GCC_OPTIMIZATION_LEVEL = 0;
				GCC_PREPROCESSOR_DEFINITIONS = (
					"DEBUG=1",
					"$(inherited)",
				);
				GCC_WARN_64_TO_32_BIT_CONVERSION = YES;
				GCC_WARN_ABOUT_RETURN_TYPE = YES_ERROR;
				GCC_WARN_UNDECLARED_SELECTOR = YES;
				GCC_WARN_UNINITIALIZED_AUTOS = YES_AGGRESSIVE;
				GCC_WARN_UNUSED_FUNCTION = YES;
				GCC_WARN_UNUSED_VARIABLE = YES;
				IPHONEOS_DEPLOYMENT_TARGET = 17.5;
				LOCALIZATION_PREFERS_STRING_CATALOGS = YES;
				MTL_ENABLE_DEBUG_INFO = INCLUDE_SOURCE;
				MTL_FAST_MATH = YES;
				ONLY_ACTIVE_ARCH = YES;
				SDKROOT = iphoneos;
				SWIFT_ACTIVE_COMPILATION_CONDITIONS = "DEBUG $(inherited)";
				SWIFT_OPTIMIZATION_LEVEL = "-Onone";
			};
			name = Debug;
		};
		54C852432C46D9EF00087242 /* Release */ = {
			isa = XCBuildConfiguration;
			buildSettings = {
				ALWAYS_SEARCH_USER_PATHS = NO;
				ASSETCATALOG_COMPILER_GENERATE_SWIFT_ASSET_SYMBOL_EXTENSIONS = YES;
				CLANG_ANALYZER_NONNULL = YES;
				CLANG_ANALYZER_NUMBER_OBJECT_CONVERSION = YES_AGGRESSIVE;
				CLANG_CXX_LANGUAGE_STANDARD = "gnu++20";
				CLANG_ENABLE_MODULES = YES;
				CLANG_ENABLE_OBJC_ARC = YES;
				CLANG_ENABLE_OBJC_WEAK = YES;
				CLANG_WARN_BLOCK_CAPTURE_AUTORELEASING = YES;
				CLANG_WARN_BOOL_CONVERSION = YES;
				CLANG_WARN_COMMA = YES;
				CLANG_WARN_CONSTANT_CONVERSION = YES;
				CLANG_WARN_DEPRECATED_OBJC_IMPLEMENTATIONS = YES;
				CLANG_WARN_DIRECT_OBJC_ISA_USAGE = YES_ERROR;
				CLANG_WARN_DOCUMENTATION_COMMENTS = YES;
				CLANG_WARN_EMPTY_BODY = YES;
				CLANG_WARN_ENUM_CONVERSION = YES;
				CLANG_WARN_INFINITE_RECURSION = YES;
				CLANG_WARN_INT_CONVERSION = YES;
				CLANG_WARN_NON_LITERAL_NULL_CONVERSION = YES;
				CLANG_WARN_OBJC_IMPLICIT_RETAIN_SELF = YES;
				CLANG_WARN_OBJC_LITERAL_CONVERSION = YES;
				CLANG_WARN_OBJC_ROOT_CLASS = YES_ERROR;
				CLANG_WARN_QUOTED_INCLUDE_IN_FRAMEWORK_HEADER = YES;
				CLANG_WARN_RANGE_LOOP_ANALYSIS = YES;
				CLANG_WARN_STRICT_PROTOTYPES = YES;
				CLANG_WARN_SUSPICIOUS_MOVE = YES;
				CLANG_WARN_UNGUARDED_AVAILABILITY = YES_AGGRESSIVE;
				CLANG_WARN_UNREACHABLE_CODE = YES;
				CLANG_WARN__DUPLICATE_METHOD_MATCH = YES;
				COPY_PHASE_STRIP = NO;
				DEBUG_INFORMATION_FORMAT = "dwarf-with-dsym";
				ENABLE_NS_ASSERTIONS = NO;
				ENABLE_STRICT_OBJC_MSGSEND = YES;
				ENABLE_USER_SCRIPT_SANDBOXING = YES;
				GCC_C_LANGUAGE_STANDARD = gnu17;
				GCC_NO_COMMON_BLOCKS = YES;
				GCC_WARN_64_TO_32_BIT_CONVERSION = YES;
				GCC_WARN_ABOUT_RETURN_TYPE = YES_ERROR;
				GCC_WARN_UNDECLARED_SELECTOR = YES;
				GCC_WARN_UNINITIALIZED_AUTOS = YES_AGGRESSIVE;
				GCC_WARN_UNUSED_FUNCTION = YES;
				GCC_WARN_UNUSED_VARIABLE = YES;
				IPHONEOS_DEPLOYMENT_TARGET = 17.5;
				LOCALIZATION_PREFERS_STRING_CATALOGS = YES;
				MTL_ENABLE_DEBUG_INFO = NO;
				MTL_FAST_MATH = YES;
				SDKROOT = iphoneos;
				SWIFT_COMPILATION_MODE = wholemodule;
				VALIDATE_PRODUCT = YES;
			};
			name = Release;
		};
		54C852452C46D9EF00087242 /* Debug */ = {
			isa = XCBuildConfiguration;
			buildSettings = {
				ASSETCATALOG_COMPILER_APPICON_NAME = AppIcon;
				ASSETCATALOG_COMPILER_GLOBAL_ACCENT_COLOR_NAME = AccentColor;
				CODE_SIGN_STYLE = Automatic;
				CURRENT_PROJECT_VERSION = 1;
				DEVELOPMENT_ASSET_PATHS = "\"unfo_swift/Preview Content\"";
				ENABLE_PREVIEWS = YES;
				GENERATE_INFOPLIST_FILE = YES;
				INFOPLIST_KEY_UIApplicationSceneManifest_Generation = YES;
				INFOPLIST_KEY_UIApplicationSupportsIndirectInputEvents = YES;
				INFOPLIST_KEY_UILaunchScreen_Generation = YES;
				INFOPLIST_KEY_UISupportedInterfaceOrientations_iPad = "UIInterfaceOrientationPortrait UIInterfaceOrientationPortraitUpsideDown UIInterfaceOrientationLandscapeLeft UIInterfaceOrientationLandscapeRight";
				INFOPLIST_KEY_UISupportedInterfaceOrientations_iPhone = "UIInterfaceOrientationPortrait UIInterfaceOrientationLandscapeLeft UIInterfaceOrientationLandscapeRight";
				LD_RUNPATH_SEARCH_PATHS = (
					"$(inherited)",
					"@executable_path/Frameworks",
				);
				MARKETING_VERSION = 1.0;
				PRODUCT_BUNDLE_IDENTIFIER = "com.kamekameshin.unfo-swift";
				PRODUCT_NAME = "$(TARGET_NAME)";
				SWIFT_EMIT_LOC_STRINGS = YES;
				SWIFT_VERSION = 5.0;
				TARGETED_DEVICE_FAMILY = "1,2";
			};
			name = Debug;
		};
		54C852462C46D9EF00087242 /* Release */ = {
			isa = XCBuildConfiguration;
			buildSettings = {
				ASSETCATALOG_COMPILER_APPICON_NAME = AppIcon;
				ASSETCATALOG_COMPILER_GLOBAL_ACCENT_COLOR_NAME = AccentColor;
				CODE_SIGN_STYLE = Automatic;
				CURRENT_PROJECT_VERSION = 1;
				DEVELOPMENT_ASSET_PATHS = "\"unfo_swift/Preview Content\"";
				ENABLE_PREVIEWS = YES;
				GENERATE_INFOPLIST_FILE = YES;
				INFOPLIST_KEY_UIApplicationSceneManifest_Generation = YES;
				INFOPLIST_KEY_UIApplicationSupportsIndirectInputEvents = YES;
				INFOPLIST_KEY_UILaunchScreen_Generation = YES;
				INFOPLIST_KEY_UISupportedInterfaceOrientations_iPad = "UIInterfaceOrientationPortrait UIInterfaceOrientationPortraitUpsideDown UIInterfaceOrientationLandscapeLeft UIInterfaceOrientationLandscapeRight";
				INFOPLIST_KEY_UISupportedInterfaceOrientations_iPhone = "UIInterfaceOrientationPortrait UIInterfaceOrientationLandscapeLeft UIInterfaceOrientationLandscapeRight";
				LD_RUNPATH_SEARCH_PATHS = (
					"$(inherited)",
					"@executable_path/Frameworks",
				);
				MARKETING_VERSION = 1.0;
				PRODUCT_BUNDLE_IDENTIFIER = "com.kamekameshin.unfo-swift";
				PRODUCT_NAME = "$(TARGET_NAME)";
				SWIFT_EMIT_LOC_STRINGS = YES;
				SWIFT_VERSION = 5.0;
				TARGETED_DEVICE_FAMILY = "1,2";
			};
			name = Release;
		};
/* End XCBuildConfiguration section */

/* Begin XCConfigurationList section */
		54C852312C46D9ED00087242 /* Build configuration list for PBXProject "unfo_swift" */ = {
			isa = XCConfigurationList;
			buildConfigurations = (
				54C852422C46D9EF00087242 /* Debug */,
				54C852432C46D9EF00087242 /* Release */,
			);
			defaultConfigurationIsVisible = 0;
			defaultConfigurationName = Release;
		};
		54C852442C46D9EF00087242 /* Build configuration list for PBXNativeTarget "unfo_swift" */ = {
			isa = XCConfigurationList;
			buildConfigurations = (
				54C852452C46D9EF00087242 /* Debug */,
				54C852462C46D9EF00087242 /* Release */,
			);
			defaultConfigurationIsVisible = 0;
			defaultConfigurationName = Release;
		};
/* End XCConfigurationList section */
	};
	rootObject = 54C8522E2C46D9ED00087242 /* Project object */;
}
